
Microsoft Visual Studio Solution File, Format Version 12.00
# Visual Studio 15
VisualStudioVersion = 15.0.28307.102
MinimumVisualStudioVersion = 10.0.40219.1
Project("{FAE04EC0-301F-11D3-BF4B-00C04F79EFBC}") = "Run", "Run\Run.csproj", "{6A604CCB-65C8-4455-A18A-840BD7537570}"
EndProject
Global
	GlobalSection(SolutionConfigurationPlatforms) = preSolution
		Debug|Any CPU = Debug|Any CPU
		Release|Any CPU = Release|Any CPU
	EndGlobalSection
	GlobalSection(ProjectConfigurationPlatforms) = postSolution
		{6A604CCB-65C8-4455-A18A-840BD7537570}.Debug|Any CPU.ActiveCfg = Debug|Any CPU
		{6A604CCB-65C8-4455-A18A-840BD7537570}.Debug|Any CPU.Build.0 = Debug|Any CPU
		{6A604CCB-65C8-4455-A18A-840BD7537570}.Release|Any CPU.ActiveCfg = Release|Any CPU
		{6A604CCB-65C8-4455-A18A-840BD7537570}.Release|Any CPU.Build.0 = Release|Any CPU
	EndGlobalSection
	GlobalSection(SolutionProperties) = preSolution
		HideSolutionNode = FALSE
	EndGlobalSection
	GlobalSection(ExtensibilityGlobals) = postSolution
		SolutionGuid = {8424A402-3C73-4657-B4BF-B36F02BB65D6}
	EndGlobalSection
EndGlobal
